
Microsoft Visual Studio Solution File, Format Version 12.00
# Visual Studio Version 16
VisualStudioVersion = 16.0.29613.14
MinimumVisualStudioVersion = 10.0.40219.1
Project("{FAE04EC0-301F-11D3-BF4B-00C04F79EFBC}") = "1.3", "1.3\1.3.csproj", "{B1A96FAB-5D24-4B00-93F1-F78965402DF1}"
EndProject
Project("{FAE04EC0-301F-11D3-BF4B-00C04F79EFBC}") = "2.0", "2.0\2.0.csproj", "{DEE45BC2-B4B8-450E-A12A-ADB57A9ECC09}"
EndProject
Project("{FAE04EC0-301F-11D3-BF4B-00C04F79EFBC}") = "2.3", "2.3\2.3.csproj", "{B4E17CEA-2B19-4B91-B68B-9CA11E70E1B3}"
EndProject
Project("{FAE04EC0-301F-11D3-BF4B-00C04F79EFBC}") = "3.0", "3.0\3.0.csproj", "{4118D8A7-B868-4966-A01B-F3BBE9015CCC}"
EndProject
Project("{FAE04EC0-301F-11D3-BF4B-00C04F79EFBC}") = "3.1", "3.1\3.1.csproj", "{ECF1D121-6EA0-472E-974C-9BB09AD1CFD3}"
EndProject
Project("{FAE04EC0-301F-11D3-BF4B-00C04F79EFBC}") = "3.3", "3.3\3.3.csproj", "{FF7F7949-C83B-423C-9FA1-714B1A38780C}"
EndProject
Project("{FAE04EC0-301F-11D3-BF4B-00C04F79EFBC}") = "3.4", "3.4\3.4.csproj", "{5ABE8651-38B0-4631-BCE0-199C1DFCD725}"
EndProject
Project("{FAE04EC0-301F-11D3-BF4B-00C04F79EFBC}") = "4.2", "4.2\4.2.csproj", "{4109119F-B325-4EF1-96AE-521AA440BB48}"
EndProject
Project("{FAE04EC0-301F-11D3-BF4B-00C04F79EFBC}") = "4.3", "4.3\4.3.csproj", "{4051D4EA-3A77-4124-8CCF-26E3EB704432}"
EndProject
Project("{FAE04EC0-301F-11D3-BF4B-00C04F79EFBC}") = "5.2", "5.2\5.2.csproj", "{8080A250-22FA-46FF-8AE8-9BFE72F8BBD5}"
EndProject
Project("{FAE04EC0-301F-11D3-BF4B-00C04F79EFBC}") = "5.3", "5.3\5.3.csproj", "{2956F1B0-9509-41A9-AF35-931DC21D2DFA}"
EndProject
Project("{FAE04EC0-301F-11D3-BF4B-00C04F79EFBC}") = "6.2", "6.2\6.2.csproj", "{72A4EFCB-4D4F-4568-BE42-4BF6BAC0E6AC}"
EndProject
Project("{FAE04EC0-301F-11D3-BF4B-00C04F79EFBC}") = "6.3", "6.3\6.3.csproj", "{211F496C-8A83-4D3E-BCB5-81AC1338EC11}"
EndProject
Project("{FAE04EC0-301F-11D3-BF4B-00C04F79EFBC}") = "6.4", "6.4\6.4.csproj", "{A71C5303-191C-4FF2-A88A-C7A9548C2662}"
EndProject
Project("{FAE04EC0-301F-11D3-BF4B-00C04F79EFBC}") = "7.1", "7.1\7.1.csproj", "{71F04504-6837-4D00-868D-52E73DFB0913}"
EndProject
Project("{FAE04EC0-301F-11D3-BF4B-00C04F79EFBC}") = "7.2", "7.2\7.2.csproj", "{432756D2-8A76-47E4-997C-AC83544C8E66}"
EndProject
Project("{FAE04EC0-301F-11D3-BF4B-00C04F79EFBC}") = "7.3", "7.3\7.3.csproj", "{CD46564F-B59B-476B-BC7F-8416AD815528}"
EndProject
Project("{FAE04EC0-301F-11D3-BF4B-00C04F79EFBC}") = "8.0", "8.0\8.0.csproj", "{CE17FB93-C753-495E-A67C-CD3970B7416D}"
EndProject
Project("{FAE04EC0-301F-11D3-BF4B-00C04F79EFBC}") = "8.1", "8.1\8.1.csproj", "{490ACB7F-A20D-4C99-9B65-1005C00FAF4B}"
EndProject
Project("{FAE04EC0-301F-11D3-BF4B-00C04F79EFBC}") = "8.2", "8.2\8.2.csproj", "{F49617B2-5428-46F5-A20A-F551A1378426}"
EndProject
Project("{FAE04EC0-301F-11D3-BF4B-00C04F79EFBC}") = "1.01", "1.01\1.01.csproj", "{8D04C853-63EB-4496-9266-36A11D8CD0B1}"
EndProject
Project("{FAE04EC0-301F-11D3-BF4B-00C04F79EFBC}") = "1.02", "1.02\1.02.csproj", "{B9C92D15-92A5-4A75-A1DE-FCCF0AA7E9A9}"
EndProject
Project("{FAE04EC0-301F-11D3-BF4B-00C04F79EFBC}") = "1.03", "1.03\1.03.csproj", "{5774D1E3-43F1-46BB-A287-BDE22AC4B277}"
EndProject
Global
	GlobalSection(SolutionConfigurationPlatforms) = preSolution
		Debug|Any CPU = Debug|Any CPU
		Release|Any CPU = Release|Any CPU
	EndGlobalSection
	GlobalSection(ProjectConfigurationPlatforms) = postSolution
		{B1A96FAB-5D24-4B00-93F1-F78965402DF1}.Debug|Any CPU.ActiveCfg = Debug|Any CPU
		{B1A96FAB-5D24-4B00-93F1-F78965402DF1}.Debug|Any CPU.Build.0 = Debug|Any CPU
		{B1A96FAB-5D24-4B00-93F1-F78965402DF1}.Release|Any CPU.ActiveCfg = Release|Any CPU
		{B1A96FAB-5D24-4B00-93F1-F78965402DF1}.Release|Any CPU.Build.0 = Release|Any CPU
		{DEE45BC2-B4B8-450E-A12A-ADB57A9ECC09}.Debug|Any CPU.ActiveCfg = Debug|Any CPU
		{DEE45BC2-B4B8-450E-A12A-ADB57A9ECC09}.Debug|Any CPU.Build.0 = Debug|Any CPU
		{DEE45BC2-B4B8-450E-A12A-ADB57A9ECC09}.Release|Any CPU.ActiveCfg = Release|Any CPU
		{DEE45BC2-B4B8-450E-A12A-ADB57A9ECC09}.Release|Any CPU.Build.0 = Release|Any CPU
		{B4E17CEA-2B19-4B91-B68B-9CA11E70E1B3}.Debug|Any CPU.ActiveCfg = Debug|Any CPU
		{B4E17CEA-2B19-4B91-B68B-9CA11E70E1B3}.Debug|Any CPU.Build.0 = Debug|Any CPU
		{B4E17CEA-2B19-4B91-B68B-9CA11E70E1B3}.Release|Any CPU.ActiveCfg = Release|Any CPU
		{B4E17CEA-2B19-4B91-B68B-9CA11E70E1B3}.Release|Any CPU.Build.0 = Release|Any CPU
		{4118D8A7-B868-4966-A01B-F3BBE9015CCC}.Debug|Any CPU.ActiveCfg = Debug|Any CPU
		{4118D8A7-B868-4966-A01B-F3BBE9015CCC}.Debug|Any CPU.Build.0 = Debug|Any CPU
		{4118D8A7-B868-4966-A01B-F3BBE9015CCC}.Release|Any CPU.ActiveCfg = Release|Any CPU
		{4118D8A7-B868-4966-A01B-F3BBE9015CCC}.Release|Any CPU.Build.0 = Release|Any CPU
		{ECF1D121-6EA0-472E-974C-9BB09AD1CFD3}.Debug|Any CPU.ActiveCfg = Debug|Any CPU
		{ECF1D121-6EA0-472E-974C-9BB09AD1CFD3}.Debug|Any CPU.Build.0 = Debug|Any CPU
		{ECF1D121-6EA0-472E-974C-9BB09AD1CFD3}.Release|Any CPU.ActiveCfg = Release|Any CPU
		{ECF1D121-6EA0-472E-974C-9BB09AD1CFD3}.Release|Any CPU.Build.0 = Release|Any CPU
		{FF7F7949-C83B-423C-9FA1-714B1A38780C}.Debug|Any CPU.ActiveCfg = Debug|Any CPU
		{FF7F7949-C83B-423C-9FA1-714B1A38780C}.Debug|Any CPU.Build.0 = Debug|Any CPU
		{FF7F7949-C83B-423C-9FA1-714B1A38780C}.Release|Any CPU.ActiveCfg = Release|Any CPU
		{FF7F7949-C83B-423C-9FA1-714B1A38780C}.Release|Any CPU.Build.0 = Release|Any CPU
		{5ABE8651-38B0-4631-BCE0-199C1DFCD725}.Debug|Any CPU.ActiveCfg = Debug|Any CPU
		{5ABE8651-38B0-4631-BCE0-199C1DFCD725}.Debug|Any CPU.Build.0 = Debug|Any CPU
		{5ABE8651-38B0-4631-BCE0-199C1DFCD725}.Release|Any CPU.ActiveCfg = Release|Any CPU
		{5ABE8651-38B0-4631-BCE0-199C1DFCD725}.Release|Any CPU.Build.0 = Release|Any CPU
		{4109119F-B325-4EF1-96AE-521AA440BB48}.Debug|Any CPU.ActiveCfg = Debug|Any CPU
		{4109119F-B325-4EF1-96AE-521AA440BB48}.Debug|Any CPU.Build.0 = Debug|Any CPU
		{4109119F-B325-4EF1-96AE-521AA440BB48}.Release|Any CPU.ActiveCfg = Release|Any CPU
		{4109119F-B325-4EF1-96AE-521AA440BB48}.Release|Any CPU.Build.0 = Release|Any CPU
		{4051D4EA-3A77-4124-8CCF-26E3EB704432}.Debug|Any CPU.ActiveCfg = Debug|Any CPU
		{4051D4EA-3A77-4124-8CCF-26E3EB704432}.Debug|Any CPU.Build.0 = Debug|Any CPU
		{4051D4EA-3A77-4124-8CCF-26E3EB704432}.Release|Any CPU.ActiveCfg = Release|Any CPU
		{4051D4EA-3A77-4124-8CCF-26E3EB704432}.Release|Any CPU.Build.0 = Release|Any CPU
		{8080A250-22FA-46FF-8AE8-9BFE72F8BBD5}.Debug|Any CPU.ActiveCfg = Debug|Any CPU
		{8080A250-22FA-46FF-8AE8-9BFE72F8BBD5}.Debug|Any CPU.Build.0 = Debug|Any CPU
		{8080A250-22FA-46FF-8AE8-9BFE72F8BBD5}.Release|Any CPU.ActiveCfg = Release|Any CPU
		{8080A250-22FA-46FF-8AE8-9BFE72F8BBD5}.Release|Any CPU.Build.0 = Release|Any CPU
		{2956F1B0-9509-41A9-AF35-931DC21D2DFA}.Debug|Any CPU.ActiveCfg = Debug|Any CPU
		{2956F1B0-9509-41A9-AF35-931DC21D2DFA}.Debug|Any CPU.Build.0 = Debug|Any CPU
		{2956F1B0-9509-41A9-AF35-931DC21D2DFA}.Release|Any CPU.ActiveCfg = Release|Any CPU
		{2956F1B0-9509-41A9-AF35-931DC21D2DFA}.Release|Any CPU.Build.0 = Release|Any CPU
		{72A4EFCB-4D4F-4568-BE42-4BF6BAC0E6AC}.Debug|Any CPU.ActiveCfg = Debug|Any CPU
		{72A4EFCB-4D4F-4568-BE42-4BF6BAC0E6AC}.Debug|Any CPU.Build.0 = Debug|Any CPU
		{72A4EFCB-4D4F-4568-BE42-4BF6BAC0E6AC}.Release|Any CPU.ActiveCfg = Release|Any CPU
		{72A4EFCB-4D4F-4568-BE42-4BF6BAC0E6AC}.Release|Any CPU.Build.0 = Release|Any CPU
		{211F496C-8A83-4D3E-BCB5-81AC1338EC11}.Debug|Any CPU.ActiveCfg = Debug|Any CPU
		{211F496C-8A83-4D3E-BCB5-81AC1338EC11}.Debug|Any CPU.Build.0 = Debug|Any CPU
		{211F496C-8A83-4D3E-BCB5-81AC1338EC11}.Release|Any CPU.ActiveCfg = Release|Any CPU
		{211F496C-8A83-4D3E-BCB5-81AC1338EC11}.Release|Any CPU.Build.0 = Release|Any CPU
		{A71C5303-191C-4FF2-A88A-C7A9548C2662}.Debug|Any CPU.ActiveCfg = Debug|Any CPU
		{A71C5303-191C-4FF2-A88A-C7A9548C2662}.Debug|Any CPU.Build.0 = Debug|Any CPU
		{A71C5303-191C-4FF2-A88A-C7A9548C2662}.Release|Any CPU.ActiveCfg = Release|Any CPU
		{A71C5303-191C-4FF2-A88A-C7A9548C2662}.Release|Any CPU.Build.0 = Release|Any CPU
		{71F04504-6837-4D00-868D-52E73DFB0913}.Debug|Any CPU.ActiveCfg = Debug|Any CPU
		{71F04504-6837-4D00-868D-52E73DFB0913}.Debug|Any CPU.Build.0 = Debug|Any CPU
		{71F04504-6837-4D00-868D-52E73DFB0913}.Release|Any CPU.ActiveCfg = Release|Any CPU
		{71F04504-6837-4D00-868D-52E73DFB0913}.Release|Any CPU.Build.0 = Release|Any CPU
		{432756D2-8A76-47E4-997C-AC83544C8E66}.Debug|Any CPU.ActiveCfg = Debug|Any CPU
		{432756D2-8A76-47E4-997C-AC83544C8E66}.Debug|Any CPU.Build.0 = Debug|Any CPU
		{432756D2-8A76-47E4-997C-AC83544C8E66}.Release|Any CPU.ActiveCfg = Release|Any CPU
		{432756D2-8A76-47E4-997C-AC83544C8E66}.Release|Any CPU.Build.0 = Release|Any CPU
		{CD46564F-B59B-476B-BC7F-8416AD815528}.Debug|Any CPU.ActiveCfg = Debug|Any CPU
		{CD46564F-B59B-476B-BC7F-8416AD815528}.Debug|Any CPU.Build.0 = Debug|Any CPU
		{CD46564F-B59B-476B-BC7F-8416AD815528}.Release|Any CPU.ActiveCfg = Release|Any CPU
		{CD46564F-B59B-476B-BC7F-8416AD815528}.Release|Any CPU.Build.0 = Release|Any CPU
		{CE17FB93-C753-495E-A67C-CD3970B7416D}.Debug|Any CPU.ActiveCfg = Debug|Any CPU
		{CE17FB93-C753-495E-A67C-CD3970B7416D}.Debug|Any CPU.Build.0 = Debug|Any CPU
		{CE17FB93-C753-495E-A67C-CD3970B7416D}.Release|Any CPU.ActiveCfg = Release|Any CPU
		{CE17FB93-C753-495E-A67C-CD3970B7416D}.Release|Any CPU.Build.0 = Release|Any CPU
		{490ACB7F-A20D-4C99-9B65-1005C00FAF4B}.Debug|Any CPU.ActiveCfg = Debug|Any CPU
		{490ACB7F-A20D-4C99-9B65-1005C00FAF4B}.Debug|Any CPU.Build.0 = Debug|Any CPU
		{490ACB7F-A20D-4C99-9B65-1005C00FAF4B}.Release|Any CPU.ActiveCfg = Release|Any CPU
		{490ACB7F-A20D-4C99-9B65-1005C00FAF4B}.Release|Any CPU.Build.0 = Release|Any CPU
		{F49617B2-5428-46F5-A20A-F551A1378426}.Debug|Any CPU.ActiveCfg = Debug|Any CPU
		{F49617B2-5428-46F5-A20A-F551A1378426}.Debug|Any CPU.Build.0 = Debug|Any CPU
		{F49617B2-5428-46F5-A20A-F551A1378426}.Release|Any CPU.ActiveCfg = Release|Any CPU
		{F49617B2-5428-46F5-A20A-F551A1378426}.Release|Any CPU.Build.0 = Release|Any CPU
		{8D04C853-63EB-4496-9266-36A11D8CD0B1}.Debug|Any CPU.ActiveCfg = Debug|Any CPU
		{8D04C853-63EB-4496-9266-36A11D8CD0B1}.Debug|Any CPU.Build.0 = Debug|Any CPU
		{8D04C853-63EB-4496-9266-36A11D8CD0B1}.Release|Any CPU.ActiveCfg = Release|Any CPU
		{8D04C853-63EB-4496-9266-36A11D8CD0B1}.Release|Any CPU.Build.0 = Release|Any CPU
		{B9C92D15-92A5-4A75-A1DE-FCCF0AA7E9A9}.Debug|Any CPU.ActiveCfg = Debug|Any CPU
		{B9C92D15-92A5-4A75-A1DE-FCCF0AA7E9A9}.Debug|Any CPU.Build.0 = Debug|Any CPU
		{B9C92D15-92A5-4A75-A1DE-FCCF0AA7E9A9}.Release|Any CPU.ActiveCfg = Release|Any CPU
		{B9C92D15-92A5-4A75-A1DE-FCCF0AA7E9A9}.Release|Any CPU.Build.0 = Release|Any CPU
		{5774D1E3-43F1-46BB-A287-BDE22AC4B277}.Debug|Any CPU.ActiveCfg = Debug|Any CPU
		{5774D1E3-43F1-46BB-A287-BDE22AC4B277}.Debug|Any CPU.Build.0 = Debug|Any CPU
		{5774D1E3-43F1-46BB-A287-BDE22AC4B277}.Release|Any CPU.ActiveCfg = Release|Any CPU
		{5774D1E3-43F1-46BB-A287-BDE22AC4B277}.Release|Any CPU.Build.0 = Release|Any CPU
	EndGlobalSection
	GlobalSection(SolutionProperties) = preSolution
		HideSolutionNode = FALSE
	EndGlobalSection
	GlobalSection(ExtensibilityGlobals) = postSolution
		SolutionGuid = {3CF1BC76-C584-4C1A-976F-22C972B9C718}
	EndGlobalSection
EndGlobal
