
Microsoft Visual Studio Solution File, Format Version 12.00
# Visual Studio Version 16
VisualStudioVersion = 16.0.29613.14
MinimumVisualStudioVersion = 10.0.40219.1
Project("{FAE04EC0-301F-11D3-BF4B-00C04F79EFBC}") = "1.3", "1.3\1.3.csproj", "{B1A96FAB-5D24-4B00-93F1-F78965402DF1}"
EndProject
Project("{FAE04EC0-301F-11D3-BF4B-00C04F79EFBC}") = "2.0", "2.0\2.0.csproj", "{DEE45BC2-B4B8-450E-A12A-ADB57A9ECC09}"
EndProject
Project("{FAE04EC0-301F-11D3-BF4B-00C04F79EFBC}") = "2.3", "2.3\2.3.csproj", "{B4E17CEA-2B19-4B91-B68B-9CA11E70E1B3}"
EndProject
Project("{FAE04EC0-301F-11D3-BF4B-00C04F79EFBC}") = "3.0", "3.0\3.0.csproj", "{4118D8A7-B868-4966-A01B-F3BBE9015CCC}"
EndProject
Project("{FAE04EC0-301F-11D3-BF4B-00C04F79EFBC}") = "3.1", "3.1\3.1.csproj", "{ECF1D121-6EA0-472E-974C-9BB09AD1CFD3}"
EndProject
Project("{FAE04EC0-301F-11D3-BF4B-00C04F79EFBC}") = "3.3", "3.3\3.3.csproj", "{FF7F7949-C83B-423C-9FA1-714B1A38780C}"
EndProject
Project("{FAE04EC0-301F-11D3-BF4B-00C04F79EFBC}") = "3.4", "3.4\3.4.csproj", "{5ABE8651-38B0-4631-BCE0-199C1DFCD725}"
EndProject
Project("{FAE04EC0-301F-11D3-BF4B-00C04F79EFBC}") = "4.2", "4.2\4.2.csproj", "{4109119F-B325-4EF1-96AE-521AA440BB48}"
EndProject
Global
	GlobalSection(SolutionConfigurationPlatforms) = preSolution
		Debug|Any CPU = Debug|Any CPU
		Release|Any CPU = Release|Any CPU
	EndGlobalSection
	GlobalSection(ProjectConfigurationPlatforms) = postSolution
		{B1A96FAB-5D24-4B00-93F1-F78965402DF1}.Debug|Any CPU.ActiveCfg = Debug|Any CPU
		{B1A96FAB-5D24-4B00-93F1-F78965402DF1}.Debug|Any CPU.Build.0 = Debug|Any CPU
		{B1A96FAB-5D24-4B00-93F1-F78965402DF1}.Release|Any CPU.ActiveCfg = Release|Any CPU
		{B1A96FAB-5D24-4B00-93F1-F78965402DF1}.Release|Any CPU.Build.0 = Release|Any CPU
		{DEE45BC2-B4B8-450E-A12A-ADB57A9ECC09}.Debug|Any CPU.ActiveCfg = Debug|Any CPU
		{DEE45BC2-B4B8-450E-A12A-ADB57A9ECC09}.Debug|Any CPU.Build.0 = Debug|Any CPU
		{DEE45BC2-B4B8-450E-A12A-ADB57A9ECC09}.Release|Any CPU.ActiveCfg = Release|Any CPU
		{DEE45BC2-B4B8-450E-A12A-ADB57A9ECC09}.Release|Any CPU.Build.0 = Release|Any CPU
		{B4E17CEA-2B19-4B91-B68B-9CA11E70E1B3}.Debug|Any CPU.ActiveCfg = Debug|Any CPU
		{B4E17CEA-2B19-4B91-B68B-9CA11E70E1B3}.Debug|Any CPU.Build.0 = Debug|Any CPU
		{B4E17CEA-2B19-4B91-B68B-9CA11E70E1B3}.Release|Any CPU.ActiveCfg = Release|Any CPU
		{B4E17CEA-2B19-4B91-B68B-9CA11E70E1B3}.Release|Any CPU.Build.0 = Release|Any CPU
		{4118D8A7-B868-4966-A01B-F3BBE9015CCC}.Debug|Any CPU.ActiveCfg = Debug|Any CPU
		{4118D8A7-B868-4966-A01B-F3BBE9015CCC}.Debug|Any CPU.Build.0 = Debug|Any CPU
		{4118D8A7-B868-4966-A01B-F3BBE9015CCC}.Release|Any CPU.ActiveCfg = Release|Any CPU
		{4118D8A7-B868-4966-A01B-F3BBE9015CCC}.Release|Any CPU.Build.0 = Release|Any CPU
		{ECF1D121-6EA0-472E-974C-9BB09AD1CFD3}.Debug|Any CPU.ActiveCfg = Debug|Any CPU
		{ECF1D121-6EA0-472E-974C-9BB09AD1CFD3}.Debug|Any CPU.Build.0 = Debug|Any CPU
		{ECF1D121-6EA0-472E-974C-9BB09AD1CFD3}.Release|Any CPU.ActiveCfg = Release|Any CPU
		{ECF1D121-6EA0-472E-974C-9BB09AD1CFD3}.Release|Any CPU.Build.0 = Release|Any CPU
		{FF7F7949-C83B-423C-9FA1-714B1A38780C}.Debug|Any CPU.ActiveCfg = Debug|Any CPU
		{FF7F7949-C83B-423C-9FA1-714B1A38780C}.Debug|Any CPU.Build.0 = Debug|Any CPU
		{FF7F7949-C83B-423C-9FA1-714B1A38780C}.Release|Any CPU.ActiveCfg = Release|Any CPU
		{FF7F7949-C83B-423C-9FA1-714B1A38780C}.Release|Any CPU.Build.0 = Release|Any CPU
		{5ABE8651-38B0-4631-BCE0-199C1DFCD725}.Debug|Any CPU.ActiveCfg = Debug|Any CPU
		{5ABE8651-38B0-4631-BCE0-199C1DFCD725}.Debug|Any CPU.Build.0 = Debug|Any CPU
		{5ABE8651-38B0-4631-BCE0-199C1DFCD725}.Release|Any CPU.ActiveCfg = Release|Any CPU
		{5ABE8651-38B0-4631-BCE0-199C1DFCD725}.Release|Any CPU.Build.0 = Release|Any CPU
		{4109119F-B325-4EF1-96AE-521AA440BB48}.Debug|Any CPU.ActiveCfg = Debug|Any CPU
		{4109119F-B325-4EF1-96AE-521AA440BB48}.Debug|Any CPU.Build.0 = Debug|Any CPU
		{4109119F-B325-4EF1-96AE-521AA440BB48}.Release|Any CPU.ActiveCfg = Release|Any CPU
		{4109119F-B325-4EF1-96AE-521AA440BB48}.Release|Any CPU.Build.0 = Release|Any CPU
	EndGlobalSection
	GlobalSection(SolutionProperties) = preSolution
		HideSolutionNode = FALSE
	EndGlobalSection
	GlobalSection(ExtensibilityGlobals) = postSolution
		SolutionGuid = {3CF1BC76-C584-4C1A-976F-22C972B9C718}
	EndGlobalSection
EndGlobal
